
Microsoft Visual Studio Solution File, Format Version 12.00
Project("{FAE04EC0-301F-11D3-BF4B-00C04F79EFBC}") = "ScriptRunner.Plugins.OrmLite", "ScriptRunner.Plugins.OrmLite\ScriptRunner.Plugins.OrmLite.csproj", "{764061D1-4A9E-47C0-850E-C70ABB9C96B8}"
EndProject
Global
	GlobalSection(SolutionConfigurationPlatforms) = preSolution
		Debug|Any CPU = Debug|Any CPU
		Release|Any CPU = Release|Any CPU
	EndGlobalSection
	GlobalSection(ProjectConfigurationPlatforms) = postSolution
		{764061D1-4A9E-47C0-850E-C70ABB9C96B8}.Debug|Any CPU.ActiveCfg = Debug|Any CPU
		{764061D1-4A9E-47C0-850E-C70ABB9C96B8}.Debug|Any CPU.Build.0 = Debug|Any CPU
		{764061D1-4A9E-47C0-850E-C70ABB9C96B8}.Release|Any CPU.ActiveCfg = Release|Any CPU
		{764061D1-4A9E-47C0-850E-C70ABB9C96B8}.Release|Any CPU.Build.0 = Release|Any CPU
	EndGlobalSection
EndGlobal
